
Microsoft Visual Studio Solution File, Format Version 12.00
# Visual Studio Version 16
VisualStudioVersion = 16.0.29326.143
MinimumVisualStudioVersion = 10.0.40219.1
Project("{FAE04EC0-301F-11D3-BF4B-00C04F79EFBC}") = "gRPCServer", "gRPCServer\gRPCServer.csproj", "{06F5DBC5-C589-4A8D-9B06-8DF0E43C8E97}"
EndProject
Project("{FAE04EC0-301F-11D3-BF4B-00C04F79EFBC}") = "RESTServer", "RESTServer\RESTServer.csproj", "{0433800C-73BF-430E-9271-D7157BB6E714}"
EndProject
Project("{FAE04EC0-301F-11D3-BF4B-00C04F79EFBC}") = "Common.Models", "Common.Models\Common.Models.csproj", "{4EB5D245-4C8E-44A0-955C-B7CBD301F420}"
EndProject
Global
	GlobalSection(SolutionConfigurationPlatforms) = preSolution
		Debug|Any CPU = Debug|Any CPU
		Release|Any CPU = Release|Any CPU
	EndGlobalSection
	GlobalSection(ProjectConfigurationPlatforms) = postSolution
		{06F5DBC5-C589-4A8D-9B06-8DF0E43C8E97}.Debug|Any CPU.ActiveCfg = Debug|Any CPU
		{06F5DBC5-C589-4A8D-9B06-8DF0E43C8E97}.Debug|Any CPU.Build.0 = Debug|Any CPU
		{06F5DBC5-C589-4A8D-9B06-8DF0E43C8E97}.Release|Any CPU.ActiveCfg = Release|Any CPU
		{06F5DBC5-C589-4A8D-9B06-8DF0E43C8E97}.Release|Any CPU.Build.0 = Release|Any CPU
		{0433800C-73BF-430E-9271-D7157BB6E714}.Debug|Any CPU.ActiveCfg = Debug|Any CPU
		{0433800C-73BF-430E-9271-D7157BB6E714}.Debug|Any CPU.Build.0 = Debug|Any CPU
		{0433800C-73BF-430E-9271-D7157BB6E714}.Release|Any CPU.ActiveCfg = Release|Any CPU
		{0433800C-73BF-430E-9271-D7157BB6E714}.Release|Any CPU.Build.0 = Release|Any CPU
		{4EB5D245-4C8E-44A0-955C-B7CBD301F420}.Debug|Any CPU.ActiveCfg = Debug|Any CPU
		{4EB5D245-4C8E-44A0-955C-B7CBD301F420}.Debug|Any CPU.Build.0 = Debug|Any CPU
		{4EB5D245-4C8E-44A0-955C-B7CBD301F420}.Release|Any CPU.ActiveCfg = Release|Any CPU
		{4EB5D245-4C8E-44A0-955C-B7CBD301F420}.Release|Any CPU.Build.0 = Release|Any CPU
	EndGlobalSection
	GlobalSection(SolutionProperties) = preSolution
		HideSolutionNode = FALSE
	EndGlobalSection
	GlobalSection(ExtensibilityGlobals) = postSolution
		SolutionGuid = {60B14E6D-C1F4-46B0-B9F2-9E982A6AD20C}
	EndGlobalSection
EndGlobal
